// !$*UTF8*$!
{
	archiveVersion = 1;
	classes = {
	};
	objectVersion = 56;
	objects = {

/* Begin PBXBuildFile section */
		383302A32BFDC7A3009B306E /* AgendaView.swift in Sources */ = {isa = PBXBuildFile; fileRef = 383302A22BFDC7A3009B306E /* AgendaView.swift */; };
		383302A72BFDFF98009B306E /* TriviaQuestionsView.swift in Sources */ = {isa = PBXBuildFile; fileRef = 383302A62BFDFF98009B306E /* TriviaQuestionsView.swift */; };
		38360E3B2BFF015C00CBE29B /* AgendaViewModel.swift in Sources */ = {isa = PBXBuildFile; fileRef = 38360E3A2BFF015C00CBE29B /* AgendaViewModel.swift */; };
		38360E3D2BFF017000CBE29B /* AgendaModel.swift in Sources */ = {isa = PBXBuildFile; fileRef = 38360E3C2BFF017000CBE29B /* AgendaModel.swift */; };
		3837B72C2C00BD910040B562 /* GalleryView.swift in Sources */ = {isa = PBXBuildFile; fileRef = 3837B72B2C00BD910040B562 /* GalleryView.swift */; };
		3837B72E2C00BDA70040B562 /* GalleryViewModel.swift in Sources */ = {isa = PBXBuildFile; fileRef = 3837B72D2C00BDA70040B562 /* GalleryViewModel.swift */; };
		3837B7302C00BDD00040B562 /* PhotoGridView.swift in Sources */ = {isa = PBXBuildFile; fileRef = 3837B72F2C00BDD00040B562 /* PhotoGridView.swift */; };
		3837B7322C00BE0C0040B562 /* ImageFullScreenView.swift in Sources */ = {isa = PBXBuildFile; fileRef = 3837B7312C00BE0C0040B562 /* ImageFullScreenView.swift */; };
		3837B7342C00BE260040B562 /* GalleryModel.swift in Sources */ = {isa = PBXBuildFile; fileRef = 3837B7332C00BE260040B562 /* GalleryModel.swift */; };
		389BFE212BFB8DC300EE3D27 /* T_mobileAppApp.swift in Sources */ = {isa = PBXBuildFile; fileRef = 389BFE202BFB8DC300EE3D27 /* T_mobileAppApp.swift */; };
		389BFE232BFB8DC300EE3D27 /* HomeScreenView.swift in Sources */ = {isa = PBXBuildFile; fileRef = 389BFE222BFB8DC300EE3D27 /* HomeScreenView.swift */; };
		389BFE252BFB8DC500EE3D27 /* Assets.xcassets in Resources */ = {isa = PBXBuildFile; fileRef = 389BFE242BFB8DC500EE3D27 /* Assets.xcassets */; };
		389BFE282BFB8DC500EE3D27 /* Preview Assets.xcassets in Resources */ = {isa = PBXBuildFile; fileRef = 389BFE272BFB8DC500EE3D27 /* Preview Assets.xcassets */; };
		389BFE332BFB8E9100EE3D27 /* HomeScreenModel.swift in Sources */ = {isa = PBXBuildFile; fileRef = 389BFE322BFB8E9100EE3D27 /* HomeScreenModel.swift */; };
		389BFE352BFB8EC800EE3D27 /* HomeScreenViewModel.swift in Sources */ = {isa = PBXBuildFile; fileRef = 389BFE342BFB8EC800EE3D27 /* HomeScreenViewModel.swift */; };
		389BFE3E2BFBB73600EE3D27 /* AboutUsView.swift in Sources */ = {isa = PBXBuildFile; fileRef = 389BFE3D2BFBB73600EE3D27 /* AboutUsView.swift */; };
		389BFE402BFBB75000EE3D27 /* AboutUsModel.swift in Sources */ = {isa = PBXBuildFile; fileRef = 389BFE3F2BFBB75000EE3D27 /* AboutUsModel.swift */; };
		389BFE422BFBB77300EE3D27 /* AboutUsViewModel.swift in Sources */ = {isa = PBXBuildFile; fileRef = 389BFE412BFBB77300EE3D27 /* AboutUsViewModel.swift */; };
/* End PBXBuildFile section */

/* Begin PBXFileReference section */
		383302A22BFDC7A3009B306E /* AgendaView.swift */ = {isa = PBXFileReference; lastKnownFileType = sourcecode.swift; path = AgendaView.swift; sourceTree = "<group>"; };
		383302A62BFDFF98009B306E /* TriviaQuestionsView.swift */ = {isa = PBXFileReference; lastKnownFileType = sourcecode.swift; path = TriviaQuestionsView.swift; sourceTree = "<group>"; };
		38360E3A2BFF015C00CBE29B /* AgendaViewModel.swift */ = {isa = PBXFileReference; lastKnownFileType = sourcecode.swift; path = AgendaViewModel.swift; sourceTree = "<group>"; };
		38360E3C2BFF017000CBE29B /* AgendaModel.swift */ = {isa = PBXFileReference; lastKnownFileType = sourcecode.swift; path = AgendaModel.swift; sourceTree = "<group>"; };
		3837B72B2C00BD910040B562 /* GalleryView.swift */ = {isa = PBXFileReference; lastKnownFileType = sourcecode.swift; path = GalleryView.swift; sourceTree = "<group>"; };
		3837B72D2C00BDA70040B562 /* GalleryViewModel.swift */ = {isa = PBXFileReference; lastKnownFileType = sourcecode.swift; path = GalleryViewModel.swift; sourceTree = "<group>"; };
		3837B72F2C00BDD00040B562 /* PhotoGridView.swift */ = {isa = PBXFileReference; lastKnownFileType = sourcecode.swift; path = PhotoGridView.swift; sourceTree = "<group>"; };
		3837B7312C00BE0C0040B562 /* ImageFullScreenView.swift */ = {isa = PBXFileReference; lastKnownFileType = sourcecode.swift; path = ImageFullScreenView.swift; sourceTree = "<group>"; };
		3837B7332C00BE260040B562 /* GalleryModel.swift */ = {isa = PBXFileReference; lastKnownFileType = sourcecode.swift; path = GalleryModel.swift; sourceTree = "<group>"; };
		389BFE1D2BFB8DC300EE3D27 /* T-mobileApp.app */ = {isa = PBXFileReference; explicitFileType = wrapper.application; includeInIndex = 0; path = "T-mobileApp.app"; sourceTree = BUILT_PRODUCTS_DIR; };
		389BFE202BFB8DC300EE3D27 /* T_mobileAppApp.swift */ = {isa = PBXFileReference; lastKnownFileType = sourcecode.swift; path = T_mobileAppApp.swift; sourceTree = "<group>"; };
		389BFE222BFB8DC300EE3D27 /* HomeScreenView.swift */ = {isa = PBXFileReference; lastKnownFileType = sourcecode.swift; path = HomeScreenView.swift; sourceTree = "<group>"; };
		389BFE242BFB8DC500EE3D27 /* Assets.xcassets */ = {isa = PBXFileReference; lastKnownFileType = folder.assetcatalog; path = Assets.xcassets; sourceTree = "<group>"; };
		389BFE272BFB8DC500EE3D27 /* Preview Assets.xcassets */ = {isa = PBXFileReference; lastKnownFileType = folder.assetcatalog; path = "Preview Assets.xcassets"; sourceTree = "<group>"; };
		389BFE322BFB8E9100EE3D27 /* HomeScreenModel.swift */ = {isa = PBXFileReference; lastKnownFileType = sourcecode.swift; path = HomeScreenModel.swift; sourceTree = "<group>"; };
		389BFE342BFB8EC800EE3D27 /* HomeScreenViewModel.swift */ = {isa = PBXFileReference; lastKnownFileType = sourcecode.swift; path = HomeScreenViewModel.swift; sourceTree = "<group>"; };
		389BFE3D2BFBB73600EE3D27 /* AboutUsView.swift */ = {isa = PBXFileReference; lastKnownFileType = sourcecode.swift; path = AboutUsView.swift; sourceTree = "<group>"; };
		389BFE3F2BFBB75000EE3D27 /* AboutUsModel.swift */ = {isa = PBXFileReference; lastKnownFileType = sourcecode.swift; path = AboutUsModel.swift; sourceTree = "<group>"; };
		389BFE412BFBB77300EE3D27 /* AboutUsViewModel.swift */ = {isa = PBXFileReference; lastKnownFileType = sourcecode.swift; path = AboutUsViewModel.swift; sourceTree = "<group>"; };
/* End PBXFileReference section */

/* Begin PBXFrameworksBuildPhase section */
		389BFE1A2BFB8DC300EE3D27 /* Frameworks */ = {
			isa = PBXFrameworksBuildPhase;
			buildActionMask = 2147483647;
			files = (
			);
			runOnlyForDeploymentPostprocessing = 0;
		};
/* End PBXFrameworksBuildPhase section */

/* Begin PBXGroup section */
		3837B72A2C00BD720040B562 /* Gallery */ = {
			isa = PBXGroup;
			children = (
				3837B72B2C00BD910040B562 /* GalleryView.swift */,
				3837B72D2C00BDA70040B562 /* GalleryViewModel.swift */,
				3837B72F2C00BDD00040B562 /* PhotoGridView.swift */,
				3837B7312C00BE0C0040B562 /* ImageFullScreenView.swift */,
				3837B7332C00BE260040B562 /* GalleryModel.swift */,
			);
			path = Gallery;
			sourceTree = "<group>";
		};
		389BFE142BFB8DC300EE3D27 = {
			isa = PBXGroup;
			children = (
				389BFE1F2BFB8DC300EE3D27 /* T-mobileApp */,
				389BFE1E2BFB8DC300EE3D27 /* Products */,
			);
			sourceTree = "<group>";
		};
		389BFE1E2BFB8DC300EE3D27 /* Products */ = {
			isa = PBXGroup;
			children = (
				389BFE1D2BFB8DC300EE3D27 /* T-mobileApp.app */,
			);
			name = Products;
			sourceTree = "<group>";
		};
		389BFE1F2BFB8DC300EE3D27 /* T-mobileApp */ = {
			isa = PBXGroup;
			children = (
				3837B72A2C00BD720040B562 /* Gallery */,
				389BFE202BFB8DC300EE3D27 /* T_mobileAppApp.swift */,
				389BFE222BFB8DC300EE3D27 /* HomeScreenView.swift */,
				389BFE342BFB8EC800EE3D27 /* HomeScreenViewModel.swift */,
				389BFE322BFB8E9100EE3D27 /* HomeScreenModel.swift */,
				389BFE3C2BFB906F00EE3D27 /* Agenda */,
				389BFE3B2BFB904000EE3D27 /* AboutUs */,
				389BFE392BFB8FEF00EE3D27 /* Trivia */,
				389BFE242BFB8DC500EE3D27 /* Assets.xcassets */,
				389BFE262BFB8DC500EE3D27 /* Preview Content */,
			);
			path = "T-mobileApp";
			sourceTree = "<group>";
		};
		389BFE262BFB8DC500EE3D27 /* Preview Content */ = {
			isa = PBXGroup;
			children = (
				389BFE272BFB8DC500EE3D27 /* Preview Assets.xcassets */,
			);
			path = "Preview Content";
			sourceTree = "<group>";
		};
		389BFE392BFB8FEF00EE3D27 /* Trivia */ = {
			isa = PBXGroup;
			children = (
				383302A62BFDFF98009B306E /* TriviaQuestionsView.swift */,
			);
			path = Trivia;
			sourceTree = "<group>";
		};
		389BFE3B2BFB904000EE3D27 /* AboutUs */ = {
			isa = PBXGroup;
			children = (
				389BFE3D2BFBB73600EE3D27 /* AboutUsView.swift */,
				389BFE3F2BFBB75000EE3D27 /* AboutUsModel.swift */,
				389BFE412BFBB77300EE3D27 /* AboutUsViewModel.swift */,
			);
			path = AboutUs;
			sourceTree = "<group>";
		};
		389BFE3C2BFB906F00EE3D27 /* Agenda */ = {
			isa = PBXGroup;
			children = (
				383302A22BFDC7A3009B306E /* AgendaView.swift */,
				38360E3A2BFF015C00CBE29B /* AgendaViewModel.swift */,
				38360E3C2BFF017000CBE29B /* AgendaModel.swift */,
			);
			path = Agenda;
			sourceTree = "<group>";
		};
/* End PBXGroup section */

/* Begin PBXNativeTarget section */
		389BFE1C2BFB8DC300EE3D27 /* T-mobileApp */ = {
			isa = PBXNativeTarget;
			buildConfigurationList = 389BFE2B2BFB8DC500EE3D27 /* Build configuration list for PBXNativeTarget "T-mobileApp" */;
			buildPhases = (
				389BFE192BFB8DC300EE3D27 /* Sources */,
				389BFE1A2BFB8DC300EE3D27 /* Frameworks */,
				389BFE1B2BFB8DC300EE3D27 /* Resources */,
			);
			buildRules = (
			);
			dependencies = (
			);
			name = "T-mobileApp";
			productName = "T-mobileApp";
			productReference = 389BFE1D2BFB8DC300EE3D27 /* T-mobileApp.app */;
			productType = "com.apple.product-type.application";
		};
/* End PBXNativeTarget section */

/* Begin PBXProject section */
		389BFE152BFB8DC300EE3D27 /* Project object */ = {
			isa = PBXProject;
			attributes = {
				BuildIndependentTargetsInParallel = 1;
				LastSwiftUpdateCheck = 1520;
				LastUpgradeCheck = 1520;
				TargetAttributes = {
					389BFE1C2BFB8DC300EE3D27 = {
						CreatedOnToolsVersion = 15.2;
					};
				};
			};
			buildConfigurationList = 389BFE182BFB8DC300EE3D27 /* Build configuration list for PBXProject "T-mobileApp" */;
			compatibilityVersion = "Xcode 14.0";
			developmentRegion = en;
			hasScannedForEncodings = 0;
			knownRegions = (
				en,
				Base,
			);
			mainGroup = 389BFE142BFB8DC300EE3D27;
			productRefGroup = 389BFE1E2BFB8DC300EE3D27 /* Products */;
			projectDirPath = "";
			projectRoot = "";
			targets = (
				389BFE1C2BFB8DC300EE3D27 /* T-mobileApp */,
			);
		};
/* End PBXProject section */

/* Begin PBXResourcesBuildPhase section */
		389BFE1B2BFB8DC300EE3D27 /* Resources */ = {
			isa = PBXResourcesBuildPhase;
			buildActionMask = 2147483647;
			files = (
				389BFE282BFB8DC500EE3D27 /* Preview Assets.xcassets in Resources */,
				389BFE252BFB8DC500EE3D27 /* Assets.xcassets in Resources */,
			);
			runOnlyForDeploymentPostprocessing = 0;
		};
/* End PBXResourcesBuildPhase section */

/* Begin PBXSourcesBuildPhase section */
		389BFE192BFB8DC300EE3D27 /* Sources */ = {
			isa = PBXSourcesBuildPhase;
			buildActionMask = 2147483647;
			files = (
				389BFE422BFBB77300EE3D27 /* AboutUsViewModel.swift in Sources */,
				38360E3D2BFF017000CBE29B /* AgendaModel.swift in Sources */,
				383302A72BFDFF98009B306E /* TriviaQuestionsView.swift in Sources */,
				389BFE232BFB8DC300EE3D27 /* HomeScreenView.swift in Sources */,
				389BFE3E2BFBB73600EE3D27 /* AboutUsView.swift in Sources */,
				3837B7322C00BE0C0040B562 /* ImageFullScreenView.swift in Sources */,
				389BFE352BFB8EC800EE3D27 /* HomeScreenViewModel.swift in Sources */,
				389BFE402BFBB75000EE3D27 /* AboutUsModel.swift in Sources */,
				3837B72C2C00BD910040B562 /* GalleryView.swift in Sources */,
				3837B72E2C00BDA70040B562 /* GalleryViewModel.swift in Sources */,
				389BFE212BFB8DC300EE3D27 /* T_mobileAppApp.swift in Sources */,
				383302A32BFDC7A3009B306E /* AgendaView.swift in Sources */,
				3837B7302C00BDD00040B562 /* PhotoGridView.swift in Sources */,
				38360E3B2BFF015C00CBE29B /* AgendaViewModel.swift in Sources */,
				3837B7342C00BE260040B562 /* GalleryModel.swift in Sources */,
				389BFE332BFB8E9100EE3D27 /* HomeScreenModel.swift in Sources */,
			);
			runOnlyForDeploymentPostprocessing = 0;
		};
/* End PBXSourcesBuildPhase section */

/* Begin XCBuildConfiguration section */
		389BFE292BFB8DC500EE3D27 /* Debug */ = {
			isa = XCBuildConfiguration;
			buildSettings = {
				ALWAYS_SEARCH_USER_PATHS = NO;
				ASSETCATALOG_COMPILER_GENERATE_SWIFT_ASSET_SYMBOL_EXTENSIONS = YES;
				CLANG_ANALYZER_NONNULL = YES;
				CLANG_ANALYZER_NUMBER_OBJECT_CONVERSION = YES_AGGRESSIVE;
				CLANG_CXX_LANGUAGE_STANDARD = "gnu++20";
				CLANG_ENABLE_MODULES = YES;
				CLANG_ENABLE_OBJC_ARC = YES;
				CLANG_ENABLE_OBJC_WEAK = YES;
				CLANG_WARN_BLOCK_CAPTURE_AUTORELEASING = YES;
				CLANG_WARN_BOOL_CONVERSION = YES;
				CLANG_WARN_COMMA = YES;
				CLANG_WARN_CONSTANT_CONVERSION = YES;
				CLANG_WARN_DEPRECATED_OBJC_IMPLEMENTATIONS = YES;
				CLANG_WARN_DIRECT_OBJC_ISA_USAGE = YES_ERROR;
				CLANG_WARN_DOCUMENTATION_COMMENTS = YES;
				CLANG_WARN_EMPTY_BODY = YES;
				CLANG_WARN_ENUM_CONVERSION = YES;
				CLANG_WARN_INFINITE_RECURSION = YES;
				CLANG_WARN_INT_CONVERSION = YES;
				CLANG_WARN_NON_LITERAL_NULL_CONVERSION = YES;
				CLANG_WARN_OBJC_IMPLICIT_RETAIN_SELF = YES;
				CLANG_WARN_OBJC_LITERAL_CONVERSION = YES;
				CLANG_WARN_OBJC_ROOT_CLASS = YES_ERROR;
				CLANG_WARN_QUOTED_INCLUDE_IN_FRAMEWORK_HEADER = YES;
				CLANG_WARN_RANGE_LOOP_ANALYSIS = YES;
				CLANG_WARN_STRICT_PROTOTYPES = YES;
				CLANG_WARN_SUSPICIOUS_MOVE = YES;
				CLANG_WARN_UNGUARDED_AVAILABILITY = YES_AGGRESSIVE;
				CLANG_WARN_UNREACHABLE_CODE = YES;
				CLANG_WARN__DUPLICATE_METHOD_MATCH = YES;
				COPY_PHASE_STRIP = NO;
				DEBUG_INFORMATION_FORMAT = dwarf;
				ENABLE_STRICT_OBJC_MSGSEND = YES;
				ENABLE_TESTABILITY = YES;
				ENABLE_USER_SCRIPT_SANDBOXING = YES;
				GCC_C_LANGUAGE_STANDARD = gnu17;
				GCC_DYNAMIC_NO_PIC = NO;
				GCC_NO_COMMON_BLOCKS = YES;
				GCC_OPTIMIZATION_LEVEL = 0;
				GCC_PREPROCESSOR_DEFINITIONS = (
					"DEBUG=1",
					"$(inherited)",
				);
				GCC_WARN_64_TO_32_BIT_CONVERSION = YES;
				GCC_WARN_ABOUT_RETURN_TYPE = YES_ERROR;
				GCC_WARN_UNDECLARED_SELECTOR = YES;
				GCC_WARN_UNINITIALIZED_AUTOS = YES_AGGRESSIVE;
				GCC_WARN_UNUSED_FUNCTION = YES;
				GCC_WARN_UNUSED_VARIABLE = YES;
				IPHONEOS_DEPLOYMENT_TARGET = 17.2;
				LOCALIZATION_PREFERS_STRING_CATALOGS = YES;
				MTL_ENABLE_DEBUG_INFO = INCLUDE_SOURCE;
				MTL_FAST_MATH = YES;
				ONLY_ACTIVE_ARCH = YES;
				SDKROOT = iphoneos;
				SWIFT_ACTIVE_COMPILATION_CONDITIONS = "DEBUG $(inherited)";
				SWIFT_OPTIMIZATION_LEVEL = "-Onone";
			};
			name = Debug;
		};
		389BFE2A2BFB8DC500EE3D27 /* Release */ = {
			isa = XCBuildConfiguration;
			buildSettings = {
				ALWAYS_SEARCH_USER_PATHS = NO;
				ASSETCATALOG_COMPILER_GENERATE_SWIFT_ASSET_SYMBOL_EXTENSIONS = YES;
				CLANG_ANALYZER_NONNULL = YES;
				CLANG_ANALYZER_NUMBER_OBJECT_CONVERSION = YES_AGGRESSIVE;
				CLANG_CXX_LANGUAGE_STANDARD = "gnu++20";
				CLANG_ENABLE_MODULES = YES;
				CLANG_ENABLE_OBJC_ARC = YES;
				CLANG_ENABLE_OBJC_WEAK = YES;
				CLANG_WARN_BLOCK_CAPTURE_AUTORELEASING = YES;
				CLANG_WARN_BOOL_CONVERSION = YES;
				CLANG_WARN_COMMA = YES;
				CLANG_WARN_CONSTANT_CONVERSION = YES;
				CLANG_WARN_DEPRECATED_OBJC_IMPLEMENTATIONS = YES;
				CLANG_WARN_DIRECT_OBJC_ISA_USAGE = YES_ERROR;
				CLANG_WARN_DOCUMENTATION_COMMENTS = YES;
				CLANG_WARN_EMPTY_BODY = YES;
				CLANG_WARN_ENUM_CONVERSION = YES;
				CLANG_WARN_INFINITE_RECURSION = YES;
				CLANG_WARN_INT_CONVERSION = YES;
				CLANG_WARN_NON_LITERAL_NULL_CONVERSION = YES;
				CLANG_WARN_OBJC_IMPLICIT_RETAIN_SELF = YES;
				CLANG_WARN_OBJC_LITERAL_CONVERSION = YES;
				CLANG_WARN_OBJC_ROOT_CLASS = YES_ERROR;
				CLANG_WARN_QUOTED_INCLUDE_IN_FRAMEWORK_HEADER = YES;
				CLANG_WARN_RANGE_LOOP_ANALYSIS = YES;
				CLANG_WARN_STRICT_PROTOTYPES = YES;
				CLANG_WARN_SUSPICIOUS_MOVE = YES;
				CLANG_WARN_UNGUARDED_AVAILABILITY = YES_AGGRESSIVE;
				CLANG_WARN_UNREACHABLE_CODE = YES;
				CLANG_WARN__DUPLICATE_METHOD_MATCH = YES;
				COPY_PHASE_STRIP = NO;
				DEBUG_INFORMATION_FORMAT = "dwarf-with-dsym";
				ENABLE_NS_ASSERTIONS = NO;
				ENABLE_STRICT_OBJC_MSGSEND = YES;
				ENABLE_USER_SCRIPT_SANDBOXING = YES;
				GCC_C_LANGUAGE_STANDARD = gnu17;
				GCC_NO_COMMON_BLOCKS = YES;
				GCC_WARN_64_TO_32_BIT_CONVERSION = YES;
				GCC_WARN_ABOUT_RETURN_TYPE = YES_ERROR;
				GCC_WARN_UNDECLARED_SELECTOR = YES;
				GCC_WARN_UNINITIALIZED_AUTOS = YES_AGGRESSIVE;
				GCC_WARN_UNUSED_FUNCTION = YES;
				GCC_WARN_UNUSED_VARIABLE = YES;
				IPHONEOS_DEPLOYMENT_TARGET = 17.2;
				LOCALIZATION_PREFERS_STRING_CATALOGS = YES;
				MTL_ENABLE_DEBUG_INFO = NO;
				MTL_FAST_MATH = YES;
				SDKROOT = iphoneos;
				SWIFT_COMPILATION_MODE = wholemodule;
				VALIDATE_PRODUCT = YES;
			};
			name = Release;
		};
		389BFE2C2BFB8DC500EE3D27 /* Debug */ = {
			isa = XCBuildConfiguration;
			buildSettings = {
				ASSETCATALOG_COMPILER_APPICON_NAME = AppIcon;
				ASSETCATALOG_COMPILER_GLOBAL_ACCENT_COLOR_NAME = AccentColor;
				CODE_SIGN_STYLE = Automatic;
				CURRENT_PROJECT_VERSION = 1;
				DEVELOPMENT_ASSET_PATHS = "\"T-mobileApp/Preview Content\"";
				ENABLE_PREVIEWS = YES;
				GENERATE_INFOPLIST_FILE = YES;
				INFOPLIST_KEY_UIApplicationSceneManifest_Generation = YES;
				INFOPLIST_KEY_UIApplicationSupportsIndirectInputEvents = YES;
				INFOPLIST_KEY_UILaunchScreen_Generation = YES;
				INFOPLIST_KEY_UISupportedInterfaceOrientations_iPad = "UIInterfaceOrientationPortrait UIInterfaceOrientationPortraitUpsideDown UIInterfaceOrientationLandscapeLeft UIInterfaceOrientationLandscapeRight";
				INFOPLIST_KEY_UISupportedInterfaceOrientations_iPhone = "UIInterfaceOrientationPortrait UIInterfaceOrientationLandscapeLeft UIInterfaceOrientationLandscapeRight";
				LD_RUNPATH_SEARCH_PATHS = (
					"$(inherited)",
					"@executable_path/Frameworks",
				);
				MARKETING_VERSION = 1.0;
				PRODUCT_BUNDLE_IDENTIFIER = "sample.com.T-mobileApp";
				PRODUCT_NAME = "$(TARGET_NAME)";
				SWIFT_EMIT_LOC_STRINGS = YES;
				SWIFT_VERSION = 5.0;
				TARGETED_DEVICE_FAMILY = "1,2";
			};
			name = Debug;
		};
		389BFE2D2BFB8DC500EE3D27 /* Release */ = {
			isa = XCBuildConfiguration;
			buildSettings = {
				ASSETCATALOG_COMPILER_APPICON_NAME = AppIcon;
				ASSETCATALOG_COMPILER_GLOBAL_ACCENT_COLOR_NAME = AccentColor;
				CODE_SIGN_STYLE = Automatic;
				CURRENT_PROJECT_VERSION = 1;
				DEVELOPMENT_ASSET_PATHS = "\"T-mobileApp/Preview Content\"";
				ENABLE_PREVIEWS = YES;
				GENERATE_INFOPLIST_FILE = YES;
				INFOPLIST_KEY_UIApplicationSceneManifest_Generation = YES;
				INFOPLIST_KEY_UIApplicationSupportsIndirectInputEvents = YES;
				INFOPLIST_KEY_UILaunchScreen_Generation = YES;
				INFOPLIST_KEY_UISupportedInterfaceOrientations_iPad = "UIInterfaceOrientationPortrait UIInterfaceOrientationPortraitUpsideDown UIInterfaceOrientationLandscapeLeft UIInterfaceOrientationLandscapeRight";
				INFOPLIST_KEY_UISupportedInterfaceOrientations_iPhone = "UIInterfaceOrientationPortrait UIInterfaceOrientationLandscapeLeft UIInterfaceOrientationLandscapeRight";
				LD_RUNPATH_SEARCH_PATHS = (
					"$(inherited)",
					"@executable_path/Frameworks",
				);
				MARKETING_VERSION = 1.0;
				PRODUCT_BUNDLE_IDENTIFIER = "sample.com.T-mobileApp";
				PRODUCT_NAME = "$(TARGET_NAME)";
				SWIFT_EMIT_LOC_STRINGS = YES;
				SWIFT_VERSION = 5.0;
				TARGETED_DEVICE_FAMILY = "1,2";
			};
			name = Release;
		};
/* End XCBuildConfiguration section */

/* Begin XCConfigurationList section */
		389BFE182BFB8DC300EE3D27 /* Build configuration list for PBXProject "T-mobileApp" */ = {
			isa = XCConfigurationList;
			buildConfigurations = (
				389BFE292BFB8DC500EE3D27 /* Debug */,
				389BFE2A2BFB8DC500EE3D27 /* Release */,
			);
			defaultConfigurationIsVisible = 0;
			defaultConfigurationName = Release;
		};
		389BFE2B2BFB8DC500EE3D27 /* Build configuration list for PBXNativeTarget "T-mobileApp" */ = {
			isa = XCConfigurationList;
			buildConfigurations = (
				389BFE2C2BFB8DC500EE3D27 /* Debug */,
				389BFE2D2BFB8DC500EE3D27 /* Release */,
			);
			defaultConfigurationIsVisible = 0;
			defaultConfigurationName = Release;
		};
/* End XCConfigurationList section */
	};
	rootObject = 389BFE152BFB8DC300EE3D27 /* Project object */;
}
